
Microsoft Visual Studio Solution File, Format Version 12.00
# Visual Studio Version 18
VisualStudioVersion = 18.6.11822.322
MinimumVisualStudioVersion = 10.0.40219.1
Project("{2150E333-8FDC-42A3-9474-1A3956D46DE8}") = "Internal", "Internal", "{B0404763-CB1B-4F0E-A98C-871D284B0429}"
	ProjectSection(SolutionItems) = preProject
		Internal\.editorconfig = Internal\.editorconfig
	EndProjectSection
EndProject
Project("{2150E333-8FDC-42A3-9474-1A3956D46DE8}") = "QActions", "QActions", "{C24F6838-723F-40EB-BC1A-4E92237E294C}"
EndProject
Project("{2150E333-8FDC-42A3-9474-1A3956D46DE8}") = "Dlls", "Dlls", "{FD688735-3B08-45D9-92CE-145F110CEC1E}"
	ProjectSection(SolutionItems) = preProject
		Dlls\ABOUT.md = Dlls\ABOUT.md
	EndProjectSection
EndProject
Project("{2150E333-8FDC-42A3-9474-1A3956D46DE8}") = "DefaultTemplates", "DefaultTemplates", "{F2683535-3B81-4454-9E99-120E5016BBCE}"
	ProjectSection(SolutionItems) = preProject
		DefaultTemplates\ABOUT.md = DefaultTemplates\ABOUT.md
	EndProjectSection
EndProject
Project("{2150E333-8FDC-42A3-9474-1A3956D46DE8}") = "Documentation", "Documentation", "{CDB7FBF6-A9EE-486C-B757-F23F7E6C3548}"
	ProjectSection(SolutionItems) = preProject
		Documentation\ABOUT.md = Documentation\ABOUT.md
	EndProjectSection
EndProject
Project("{2150E333-8FDC-42A3-9474-1A3956D46DE8}") = "Solution Items", "Solution Items", "{1933745A-6775-457F-8D11-3533111247F9}"
	ProjectSection(SolutionItems) = preProject
		protocol.xml = protocol.xml
	EndProjectSection
EndProject
Project("{2150E333-8FDC-42A3-9474-1A3956D46DE8}") = "Tests", "Tests", "{69D93844-69CF-4750-9210-E4A784AA9C02}"
EndProject
Project("{2150E333-8FDC-42A3-9474-1A3956D46DE8}") = "Code Analysis", "Code Analysis", "{331BA2F5-3F1B-475A-A922-47EC6678ED62}"
	ProjectSection(SolutionItems) = preProject
		Internal\Code Analysis\qaction-debug.ruleset = Internal\Code Analysis\qaction-debug.ruleset
		Internal\Code Analysis\qaction-release.ruleset = Internal\Code Analysis\qaction-release.ruleset
		Internal\Code Analysis\stylecop.json = Internal\Code Analysis\stylecop.json
	EndProjectSection
EndProject
Project("{9A19103F-16F7-4668-BE54-9A1E7A4F7556}") = "QAction_Helper", "QAction_Helper\QAction_Helper.csproj", "{2B9C9B91-E646-4956-A545-21743BADAD73}"
EndProject
Project("{9A19103F-16F7-4668-BE54-9A1E7A4F7556}") = "QAction_1", "QAction_1\QAction_1.csproj", "{FDBFC92A-0AA9-4F27-BC52-D35783A1984D}"
EndProject
Project("{9A19103F-16F7-4668-BE54-9A1E7A4F7556}") = "QAction_2", "QAction_2\QAction_2.csproj", "{13717996-CAF3-4D46-9004-A30C0C003187}"
EndProject
Project("{FAE04EC0-301F-11D3-BF4B-00C04F79EFBC}") = "QAction_3", "QAction_3\QAction_3.csproj", "{BB70C48B-A116-6C00-503D-8614F9CD9212}"
EndProject
Project("{FAE04EC0-301F-11D3-BF4B-00C04F79EFBC}") = "QAction_5", "QAction_5\QAction_5.csproj", "{CCF336A8-C51A-2F9C-DC45-7F11199D003D}"
EndProject
Global
	GlobalSection(SolutionConfigurationPlatforms) = preSolution
		Debug|Any CPU = Debug|Any CPU
		Release|Any CPU = Release|Any CPU
	EndGlobalSection
	GlobalSection(ProjectConfigurationPlatforms) = postSolution
		{2B9C9B91-E646-4956-A545-21743BADAD73}.Debug|Any CPU.ActiveCfg = Debug|Any CPU
		{2B9C9B91-E646-4956-A545-21743BADAD73}.Debug|Any CPU.Build.0 = Debug|Any CPU
		{2B9C9B91-E646-4956-A545-21743BADAD73}.Release|Any CPU.ActiveCfg = Release|Any CPU
		{2B9C9B91-E646-4956-A545-21743BADAD73}.Release|Any CPU.Build.0 = Release|Any CPU
		{FDBFC92A-0AA9-4F27-BC52-D35783A1984D}.Debug|Any CPU.ActiveCfg = Debug|Any CPU
		{FDBFC92A-0AA9-4F27-BC52-D35783A1984D}.Debug|Any CPU.Build.0 = Debug|Any CPU
		{FDBFC92A-0AA9-4F27-BC52-D35783A1984D}.Release|Any CPU.ActiveCfg = Release|Any CPU
		{FDBFC92A-0AA9-4F27-BC52-D35783A1984D}.Release|Any CPU.Build.0 = Release|Any CPU
		{13717996-CAF3-4D46-9004-A30C0C003187}.Debug|Any CPU.ActiveCfg = Debug|Any CPU
		{13717996-CAF3-4D46-9004-A30C0C003187}.Debug|Any CPU.Build.0 = Debug|Any CPU
		{13717996-CAF3-4D46-9004-A30C0C003187}.Release|Any CPU.ActiveCfg = Release|Any CPU
		{13717996-CAF3-4D46-9004-A30C0C003187}.Release|Any CPU.Build.0 = Release|Any CPU
		{BB70C48B-A116-6C00-503D-8614F9CD9212}.Debug|Any CPU.ActiveCfg = Debug|Any CPU
		{BB70C48B-A116-6C00-503D-8614F9CD9212}.Debug|Any CPU.Build.0 = Debug|Any CPU
		{BB70C48B-A116-6C00-503D-8614F9CD9212}.Release|Any CPU.ActiveCfg = Release|Any CPU
		{BB70C48B-A116-6C00-503D-8614F9CD9212}.Release|Any CPU.Build.0 = Release|Any CPU
		{CCF336A8-C51A-2F9C-DC45-7F11199D003D}.Debug|Any CPU.ActiveCfg = Debug|Any CPU
		{CCF336A8-C51A-2F9C-DC45-7F11199D003D}.Debug|Any CPU.Build.0 = Debug|Any CPU
		{CCF336A8-C51A-2F9C-DC45-7F11199D003D}.Release|Any CPU.ActiveCfg = Release|Any CPU
		{CCF336A8-C51A-2F9C-DC45-7F11199D003D}.Release|Any CPU.Build.0 = Release|Any CPU
	EndGlobalSection
	GlobalSection(SolutionProperties) = preSolution
		HideSolutionNode = FALSE
	EndGlobalSection
	GlobalSection(NestedProjects) = preSolution
		{331BA2F5-3F1B-475A-A922-47EC6678ED62} = {B0404763-CB1B-4F0E-A98C-871D284B0429}
		{2B9C9B91-E646-4956-A545-21743BADAD73} = {B0404763-CB1B-4F0E-A98C-871D284B0429}
		{FDBFC92A-0AA9-4F27-BC52-D35783A1984D} = {C24F6838-723F-40EB-BC1A-4E92237E294C}
		{13717996-CAF3-4D46-9004-A30C0C003187} = {C24F6838-723F-40EB-BC1A-4E92237E294C}
		{BB70C48B-A116-6C00-503D-8614F9CD9212} = {C24F6838-723F-40EB-BC1A-4E92237E294C}
		{CCF336A8-C51A-2F9C-DC45-7F11199D003D} = {C24F6838-723F-40EB-BC1A-4E92237E294C}
	EndGlobalSection
	GlobalSection(ExtensibilityGlobals) = postSolution
		SolutionGuid = {03A3A86D-E75B-40FD-8E51-6FE22170ACD7}
	EndGlobalSection
EndGlobal
